
Microsoft Visual Studio Solution File, Format Version 12.00
# Visual Studio Version 17
VisualStudioVersion = 17.1.32407.343
MinimumVisualStudioVersion = 10.0.40219.1
Project("{FAE04EC0-301F-11D3-BF4B-00C04F79EFBC}") = "Tarefa_01", "Tarefa_01\Tarefa_01.csproj", "{770FF439-A028-45B9-A724-106ACA0117C1}"
EndProject
Global
	GlobalSection(SolutionConfigurationPlatforms) = preSolution
		Debug|Any CPU = Debug|Any CPU
		Release|Any CPU = Release|Any CPU
	EndGlobalSection
	GlobalSection(ProjectConfigurationPlatforms) = postSolution
		{770FF439-A028-45B9-A724-106ACA0117C1}.Debug|Any CPU.ActiveCfg = Debug|Any CPU
		{770FF439-A028-45B9-A724-106ACA0117C1}.Debug|Any CPU.Build.0 = Debug|Any CPU
		{770FF439-A028-45B9-A724-106ACA0117C1}.Release|Any CPU.ActiveCfg = Release|Any CPU
		{770FF439-A028-45B9-A724-106ACA0117C1}.Release|Any CPU.Build.0 = Release|Any CPU
	EndGlobalSection
	GlobalSection(SolutionProperties) = preSolution
		HideSolutionNode = FALSE
	EndGlobalSection
	GlobalSection(ExtensibilityGlobals) = postSolution
		SolutionGuid = {28B4BAFA-89A8-4A2B-AFB0-93C10564F23B}
	EndGlobalSection
EndGlobal
