
Microsoft Visual Studio Solution File, Format Version 12.00
# Visual Studio Version 17
VisualStudioVersion = 17.1.32407.343
MinimumVisualStudioVersion = 10.0.40219.1
Project("{9A19103F-16F7-4668-BE54-9A1E7A4F7556}") = "ComparandoObjetos", "Payments\ComparandoObjetos.csproj", "{91F4B587-A7B7-4BF5-A1D7-C0FD0CDEC40E}"
EndProject
Global
	GlobalSection(SolutionConfigurationPlatforms) = preSolution
		Debug|Any CPU = Debug|Any CPU
		Release|Any CPU = Release|Any CPU
	EndGlobalSection
	GlobalSection(ProjectConfigurationPlatforms) = postSolution
		{91F4B587-A7B7-4BF5-A1D7-C0FD0CDEC40E}.Debug|Any CPU.ActiveCfg = Debug|Any CPU
		{91F4B587-A7B7-4BF5-A1D7-C0FD0CDEC40E}.Debug|Any CPU.Build.0 = Debug|Any CPU
		{91F4B587-A7B7-4BF5-A1D7-C0FD0CDEC40E}.Release|Any CPU.ActiveCfg = Release|Any CPU
		{91F4B587-A7B7-4BF5-A1D7-C0FD0CDEC40E}.Release|Any CPU.Build.0 = Release|Any CPU
	EndGlobalSection
	GlobalSection(SolutionProperties) = preSolution
		HideSolutionNode = FALSE
	EndGlobalSection
	GlobalSection(ExtensibilityGlobals) = postSolution
		SolutionGuid = {EC2721CC-E1EF-451B-9CD1-9104ED1A9CCF}
	EndGlobalSection
EndGlobal
