
Microsoft Visual Studio Solution File, Format Version 12.00
# Visual Studio Version 17
VisualStudioVersion = 17.1.32407.343
MinimumVisualStudioVersion = 10.0.40219.1
Project("{FAE04EC0-301F-11D3-BF4B-00C04F79EFBC}") = "Tarefa_02", "Tarefa_02\Tarefa_02.csproj", "{6DB62AE3-61AF-492E-A791-28FEECB7DEBC}"
EndProject
Global
	GlobalSection(SolutionConfigurationPlatforms) = preSolution
		Debug|Any CPU = Debug|Any CPU
		Release|Any CPU = Release|Any CPU
	EndGlobalSection
	GlobalSection(ProjectConfigurationPlatforms) = postSolution
		{6DB62AE3-61AF-492E-A791-28FEECB7DEBC}.Debug|Any CPU.ActiveCfg = Debug|Any CPU
		{6DB62AE3-61AF-492E-A791-28FEECB7DEBC}.Debug|Any CPU.Build.0 = Debug|Any CPU
		{6DB62AE3-61AF-492E-A791-28FEECB7DEBC}.Release|Any CPU.ActiveCfg = Release|Any CPU
		{6DB62AE3-61AF-492E-A791-28FEECB7DEBC}.Release|Any CPU.Build.0 = Release|Any CPU
	EndGlobalSection
	GlobalSection(SolutionProperties) = preSolution
		HideSolutionNode = FALSE
	EndGlobalSection
	GlobalSection(ExtensibilityGlobals) = postSolution
		SolutionGuid = {A9FC35A8-6676-4DD1-9E7A-0D25DED2FD1A}
	EndGlobalSection
EndGlobal
