
Microsoft Visual Studio Solution File, Format Version 12.00
# Visual Studio Version 17
VisualStudioVersion = 17.1.32407.343
MinimumVisualStudioVersion = 10.0.40219.1
Project("{FAE04EC0-301F-11D3-BF4B-00C04F79EFBC}") = "Tarefa-10-POO", "Tarefa-10-POO\Tarefa-10-POO.csproj", "{B4157C96-C1B5-4E93-9FE2-75D99305C10C}"
EndProject
Global
	GlobalSection(SolutionConfigurationPlatforms) = preSolution
		Debug|Any CPU = Debug|Any CPU
		Release|Any CPU = Release|Any CPU
	EndGlobalSection
	GlobalSection(ProjectConfigurationPlatforms) = postSolution
		{B4157C96-C1B5-4E93-9FE2-75D99305C10C}.Debug|Any CPU.ActiveCfg = Debug|Any CPU
		{B4157C96-C1B5-4E93-9FE2-75D99305C10C}.Debug|Any CPU.Build.0 = Debug|Any CPU
		{B4157C96-C1B5-4E93-9FE2-75D99305C10C}.Release|Any CPU.ActiveCfg = Release|Any CPU
		{B4157C96-C1B5-4E93-9FE2-75D99305C10C}.Release|Any CPU.Build.0 = Release|Any CPU
	EndGlobalSection
	GlobalSection(SolutionProperties) = preSolution
		HideSolutionNode = FALSE
	EndGlobalSection
	GlobalSection(ExtensibilityGlobals) = postSolution
		SolutionGuid = {15C95ADB-371D-4B1C-8689-883D421F4126}
	EndGlobalSection
EndGlobal
