
Microsoft Visual Studio Solution File, Format Version 12.00
# Visual Studio Version 17
VisualStudioVersion = 17.1.32210.238
MinimumVisualStudioVersion = 10.0.40219.1
Project("{FAE04EC0-301F-11D3-BF4B-00C04F79EFBC}") = "Calculator", "Calculator\Calculator.csproj", "{D8B40A3A-FA61-4812-B8BC-A61C4843DCAC}"
EndProject
Global
	GlobalSection(SolutionConfigurationPlatforms) = preSolution
		Debug|Any CPU = Debug|Any CPU
		Release|Any CPU = Release|Any CPU
	EndGlobalSection
	GlobalSection(ProjectConfigurationPlatforms) = postSolution
		{D8B40A3A-FA61-4812-B8BC-A61C4843DCAC}.Debug|Any CPU.ActiveCfg = Debug|Any CPU
		{D8B40A3A-FA61-4812-B8BC-A61C4843DCAC}.Debug|Any CPU.Build.0 = Debug|Any CPU
		{D8B40A3A-FA61-4812-B8BC-A61C4843DCAC}.Release|Any CPU.ActiveCfg = Release|Any CPU
		{D8B40A3A-FA61-4812-B8BC-A61C4843DCAC}.Release|Any CPU.Build.0 = Release|Any CPU
	EndGlobalSection
	GlobalSection(SolutionProperties) = preSolution
		HideSolutionNode = FALSE
	EndGlobalSection
	GlobalSection(ExtensibilityGlobals) = postSolution
		SolutionGuid = {075DFF95-EE90-4671-8ABA-AF4DBD09110B}
	EndGlobalSection
EndGlobal
