
Microsoft Visual Studio Solution File, Format Version 12.00
# Visual Studio Version 17
VisualStudioVersion = 17.1.32407.343
MinimumVisualStudioVersion = 10.0.40219.1
Project("{FAE04EC0-301F-11D3-BF4B-00C04F79EFBC}") = "Tarefa-05-POO", "Tarefa-05-POO\Tarefa-05-POO.csproj", "{5A9D69D5-19E8-46AC-8FC9-CB95D9FB98EA}"
EndProject
Global
	GlobalSection(SolutionConfigurationPlatforms) = preSolution
		Debug|Any CPU = Debug|Any CPU
		Release|Any CPU = Release|Any CPU
	EndGlobalSection
	GlobalSection(ProjectConfigurationPlatforms) = postSolution
		{5A9D69D5-19E8-46AC-8FC9-CB95D9FB98EA}.Debug|Any CPU.ActiveCfg = Debug|Any CPU
		{5A9D69D5-19E8-46AC-8FC9-CB95D9FB98EA}.Debug|Any CPU.Build.0 = Debug|Any CPU
		{5A9D69D5-19E8-46AC-8FC9-CB95D9FB98EA}.Release|Any CPU.ActiveCfg = Release|Any CPU
		{5A9D69D5-19E8-46AC-8FC9-CB95D9FB98EA}.Release|Any CPU.Build.0 = Release|Any CPU
	EndGlobalSection
	GlobalSection(SolutionProperties) = preSolution
		HideSolutionNode = FALSE
	EndGlobalSection
	GlobalSection(ExtensibilityGlobals) = postSolution
		SolutionGuid = {363D7389-3336-4DE6-8875-9B96CE988E2A}
	EndGlobalSection
EndGlobal
