
Microsoft Visual Studio Solution File, Format Version 12.00
# Visual Studio Version 17
VisualStudioVersion = 17.1.32407.343
MinimumVisualStudioVersion = 10.0.40219.1
Project("{FAE04EC0-301F-11D3-BF4B-00C04F79EFBC}") = "Tarefa_09", "Tarefa_09\Tarefa_09.csproj", "{437C0596-5C66-4CF5-85F5-DAEACF30EB79}"
EndProject
Global
	GlobalSection(SolutionConfigurationPlatforms) = preSolution
		Debug|Any CPU = Debug|Any CPU
		Release|Any CPU = Release|Any CPU
	EndGlobalSection
	GlobalSection(ProjectConfigurationPlatforms) = postSolution
		{437C0596-5C66-4CF5-85F5-DAEACF30EB79}.Debug|Any CPU.ActiveCfg = Debug|Any CPU
		{437C0596-5C66-4CF5-85F5-DAEACF30EB79}.Debug|Any CPU.Build.0 = Debug|Any CPU
		{437C0596-5C66-4CF5-85F5-DAEACF30EB79}.Release|Any CPU.ActiveCfg = Release|Any CPU
		{437C0596-5C66-4CF5-85F5-DAEACF30EB79}.Release|Any CPU.Build.0 = Release|Any CPU
	EndGlobalSection
	GlobalSection(SolutionProperties) = preSolution
		HideSolutionNode = FALSE
	EndGlobalSection
	GlobalSection(ExtensibilityGlobals) = postSolution
		SolutionGuid = {114CF22A-F1C5-4C28-96E3-62C0351E2899}
	EndGlobalSection
EndGlobal
