
Microsoft Visual Studio Solution File, Format Version 12.00
# Visual Studio Version 17
VisualStudioVersion = 17.1.32407.343
MinimumVisualStudioVersion = 10.0.40219.1
Project("{FAE04EC0-301F-11D3-BF4B-00C04F79EFBC}") = "Tarefa-12-POO", "Tarefa-12-POO\Tarefa-12-POO.csproj", "{B577EC9F-5D4C-4CDA-919E-1FE22313BECE}"
EndProject
Global
	GlobalSection(SolutionConfigurationPlatforms) = preSolution
		Debug|Any CPU = Debug|Any CPU
		Release|Any CPU = Release|Any CPU
	EndGlobalSection
	GlobalSection(ProjectConfigurationPlatforms) = postSolution
		{B577EC9F-5D4C-4CDA-919E-1FE22313BECE}.Debug|Any CPU.ActiveCfg = Debug|Any CPU
		{B577EC9F-5D4C-4CDA-919E-1FE22313BECE}.Debug|Any CPU.Build.0 = Debug|Any CPU
		{B577EC9F-5D4C-4CDA-919E-1FE22313BECE}.Release|Any CPU.ActiveCfg = Release|Any CPU
		{B577EC9F-5D4C-4CDA-919E-1FE22313BECE}.Release|Any CPU.Build.0 = Release|Any CPU
	EndGlobalSection
	GlobalSection(SolutionProperties) = preSolution
		HideSolutionNode = FALSE
	EndGlobalSection
	GlobalSection(ExtensibilityGlobals) = postSolution
		SolutionGuid = {230184E5-B589-4671-93EB-55612DF9DC68}
	EndGlobalSection
EndGlobal
