
Microsoft Visual Studio Solution File, Format Version 12.00
# Visual Studio Version 17
VisualStudioVersion = 17.1.32210.238
MinimumVisualStudioVersion = 10.0.40219.1
Project("{FAE04EC0-301F-11D3-BF4B-00C04F79EFBC}") = "MyApp", "ConsoleApp1\MyApp.csproj", "{1A5EE0F7-73A9-4068-86A2-56B17445698E}"
EndProject
Global
	GlobalSection(SolutionConfigurationPlatforms) = preSolution
		Debug|Any CPU = Debug|Any CPU
		Release|Any CPU = Release|Any CPU
	EndGlobalSection
	GlobalSection(ProjectConfigurationPlatforms) = postSolution
		{1A5EE0F7-73A9-4068-86A2-56B17445698E}.Debug|Any CPU.ActiveCfg = Debug|Any CPU
		{1A5EE0F7-73A9-4068-86A2-56B17445698E}.Debug|Any CPU.Build.0 = Debug|Any CPU
		{1A5EE0F7-73A9-4068-86A2-56B17445698E}.Release|Any CPU.ActiveCfg = Release|Any CPU
		{1A5EE0F7-73A9-4068-86A2-56B17445698E}.Release|Any CPU.Build.0 = Release|Any CPU
	EndGlobalSection
	GlobalSection(SolutionProperties) = preSolution
		HideSolutionNode = FALSE
	EndGlobalSection
	GlobalSection(ExtensibilityGlobals) = postSolution
		SolutionGuid = {35955FDF-AF28-4DED-927E-C5219DBDCC81}
	EndGlobalSection
EndGlobal
