
Microsoft Visual Studio Solution File, Format Version 12.00
# Visual Studio Version 17
VisualStudioVersion = 17.1.32407.343
MinimumVisualStudioVersion = 10.0.40219.1
Project("{FAE04EC0-301F-11D3-BF4B-00C04F79EFBC}") = "Tarefa-09-POO", "Tarefa-09-POO\Tarefa-09-POO.csproj", "{91759297-0AC3-4FDE-8ACB-EF2A3181AAF9}"
EndProject
Global
	GlobalSection(SolutionConfigurationPlatforms) = preSolution
		Debug|Any CPU = Debug|Any CPU
		Release|Any CPU = Release|Any CPU
	EndGlobalSection
	GlobalSection(ProjectConfigurationPlatforms) = postSolution
		{91759297-0AC3-4FDE-8ACB-EF2A3181AAF9}.Debug|Any CPU.ActiveCfg = Debug|Any CPU
		{91759297-0AC3-4FDE-8ACB-EF2A3181AAF9}.Debug|Any CPU.Build.0 = Debug|Any CPU
		{91759297-0AC3-4FDE-8ACB-EF2A3181AAF9}.Release|Any CPU.ActiveCfg = Release|Any CPU
		{91759297-0AC3-4FDE-8ACB-EF2A3181AAF9}.Release|Any CPU.Build.0 = Release|Any CPU
	EndGlobalSection
	GlobalSection(SolutionProperties) = preSolution
		HideSolutionNode = FALSE
	EndGlobalSection
	GlobalSection(ExtensibilityGlobals) = postSolution
		SolutionGuid = {95110733-8359-47E0-86BB-35CC04E2DCB6}
	EndGlobalSection
EndGlobal
