
Microsoft Visual Studio Solution File, Format Version 12.00
# Visual Studio Version 17
VisualStudioVersion = 17.1.32210.238
MinimumVisualStudioVersion = 10.0.40219.1
Project("{FAE04EC0-301F-11D3-BF4B-00C04F79EFBC}") = "EditorHtml", "EditorHtml\EditorHtml.csproj", "{A6BA9F34-4254-43AE-8852-064391C355AA}"
EndProject
Global
	GlobalSection(SolutionConfigurationPlatforms) = preSolution
		Debug|Any CPU = Debug|Any CPU
		Release|Any CPU = Release|Any CPU
	EndGlobalSection
	GlobalSection(ProjectConfigurationPlatforms) = postSolution
		{A6BA9F34-4254-43AE-8852-064391C355AA}.Debug|Any CPU.ActiveCfg = Debug|Any CPU
		{A6BA9F34-4254-43AE-8852-064391C355AA}.Debug|Any CPU.Build.0 = Debug|Any CPU
		{A6BA9F34-4254-43AE-8852-064391C355AA}.Release|Any CPU.ActiveCfg = Release|Any CPU
		{A6BA9F34-4254-43AE-8852-064391C355AA}.Release|Any CPU.Build.0 = Release|Any CPU
	EndGlobalSection
	GlobalSection(SolutionProperties) = preSolution
		HideSolutionNode = FALSE
	EndGlobalSection
	GlobalSection(ExtensibilityGlobals) = postSolution
		SolutionGuid = {437ECBCE-E270-4949-8BC4-BF9F22A6F106}
	EndGlobalSection
EndGlobal
